// !$*UTF8*$!
{
	archiveVersion = 1;
	classes = {
	};
	objectVersion = 48;
	objects = {

/* Begin PBXBuildFile section */
		B359B4E520E78C5C002B0F65 /* AppDelegate.swift in Sources */ = {isa = PBXBuildFile; fileRef = B359B4E420E78C5C002B0F65 /* AppDelegate.swift */; };
		B359B4E720E78C5C002B0F65 /* MainVC.swift in Sources */ = {isa = PBXBuildFile; fileRef = B359B4E620E78C5C002B0F65 /* MainVC.swift */; };
		B359B4EA20E78C5C002B0F65 /* Main.storyboard in Resources */ = {isa = PBXBuildFile; fileRef = B359B4E820E78C5C002B0F65 /* Main.storyboard */; };
		B359B4EC20E78C5C002B0F65 /* Assets.xcassets in Resources */ = {isa = PBXBuildFile; fileRef = B359B4EB20E78C5C002B0F65 /* Assets.xcassets */; };
		B359B4EF20E78C5C002B0F65 /* LaunchScreen.storyboard in Resources */ = {isa = PBXBuildFile; fileRef = B359B4ED20E78C5C002B0F65 /* LaunchScreen.storyboard */; };
		B359B4F920E7D215002B0F65 /* CurrencyTxtField.swift in Sources */ = {isa = PBXBuildFile; fileRef = B359B4F820E7D215002B0F65 /* CurrencyTxtField.swift */; };
		B38F117820F65BFF00E8539E /* Wage.swift in Sources */ = {isa = PBXBuildFile; fileRef = B3C07FC220F0CC3E00787730 /* Wage.swift */; };
		B3C07FBA20F0CC1600787730 /* window_shopperTests.swift in Sources */ = {isa = PBXBuildFile; fileRef = B3C07FB920F0CC1600787730 /* window_shopperTests.swift */; };
		B3C07FC320F0CC3E00787730 /* Wage.swift in Sources */ = {isa = PBXBuildFile; fileRef = B3C07FC220F0CC3E00787730 /* Wage.swift */; };
/* End PBXBuildFile section */

/* Begin PBXContainerItemProxy section */
		B3C07FBC20F0CC1600787730 /* PBXContainerItemProxy */ = {
			isa = PBXContainerItemProxy;
			containerPortal = B359B4D920E78C5C002B0F65 /* Project object */;
			proxyType = 1;
			remoteGlobalIDString = B359B4E020E78C5C002B0F65;
			remoteInfo = "window-shopper";
		};
/* End PBXContainerItemProxy section */

/* Begin PBXFileReference section */
		B359B4E120E78C5C002B0F65 /* window-shopper.app */ = {isa = PBXFileReference; explicitFileType = wrapper.application; includeInIndex = 0; path = "window-shopper.app"; sourceTree = BUILT_PRODUCTS_DIR; };
		B359B4E420E78C5C002B0F65 /* AppDelegate.swift */ = {isa = PBXFileReference; lastKnownFileType = sourcecode.swift; path = AppDelegate.swift; sourceTree = "<group>"; };
		B359B4E620E78C5C002B0F65 /* MainVC.swift */ = {isa = PBXFileReference; lastKnownFileType = sourcecode.swift; path = MainVC.swift; sourceTree = "<group>"; };
		B359B4E920E78C5C002B0F65 /* Base */ = {isa = PBXFileReference; lastKnownFileType = file.storyboard; name = Base; path = Base.lproj/Main.storyboard; sourceTree = "<group>"; };
		B359B4EB20E78C5C002B0F65 /* Assets.xcassets */ = {isa = PBXFileReference; lastKnownFileType = folder.assetcatalog; path = Assets.xcassets; sourceTree = "<group>"; };
		B359B4EE20E78C5C002B0F65 /* Base */ = {isa = PBXFileReference; lastKnownFileType = file.storyboard; name = Base; path = Base.lproj/LaunchScreen.storyboard; sourceTree = "<group>"; };
		B359B4F020E78C5C002B0F65 /* Info.plist */ = {isa = PBXFileReference; lastKnownFileType = text.plist.xml; path = Info.plist; sourceTree = "<group>"; };
		B359B4F820E7D215002B0F65 /* CurrencyTxtField.swift */ = {isa = PBXFileReference; lastKnownFileType = sourcecode.swift; path = CurrencyTxtField.swift; sourceTree = "<group>"; };
		B3C07FB720F0CC1600787730 /* window-shopperTests.xctest */ = {isa = PBXFileReference; explicitFileType = wrapper.cfbundle; includeInIndex = 0; path = "window-shopperTests.xctest"; sourceTree = BUILT_PRODUCTS_DIR; };
		B3C07FB920F0CC1600787730 /* window_shopperTests.swift */ = {isa = PBXFileReference; lastKnownFileType = sourcecode.swift; path = window_shopperTests.swift; sourceTree = "<group>"; };
		B3C07FBB20F0CC1600787730 /* Info.plist */ = {isa = PBXFileReference; lastKnownFileType = text.plist.xml; path = Info.plist; sourceTree = "<group>"; };
		B3C07FC220F0CC3E00787730 /* Wage.swift */ = {isa = PBXFileReference; lastKnownFileType = sourcecode.swift; path = Wage.swift; sourceTree = "<group>"; };
/* End PBXFileReference section */

/* Begin PBXFrameworksBuildPhase section */
		B359B4DE20E78C5C002B0F65 /* Frameworks */ = {
			isa = PBXFrameworksBuildPhase;
			buildActionMask = 2147483647;
			files = (
			);
			runOnlyForDeploymentPostprocessing = 0;
		};
		B3C07FB420F0CC1600787730 /* Frameworks */ = {
			isa = PBXFrameworksBuildPhase;
			buildActionMask = 2147483647;
			files = (
			);
			runOnlyForDeploymentPostprocessing = 0;
		};
/* End PBXFrameworksBuildPhase section */

/* Begin PBXGroup section */
		B359B4D820E78C5C002B0F65 = {
			isa = PBXGroup;
			children = (
				B359B4E320E78C5C002B0F65 /* window-shopper */,
				B3C07FB820F0CC1600787730 /* window-shopperTests */,
				B359B4E220E78C5C002B0F65 /* Products */,
			);
			sourceTree = "<group>";
		};
		B359B4E220E78C5C002B0F65 /* Products */ = {
			isa = PBXGroup;
			children = (
				B359B4E120E78C5C002B0F65 /* window-shopper.app */,
				B3C07FB720F0CC1600787730 /* window-shopperTests.xctest */,
			);
			name = Products;
			sourceTree = "<group>";
		};
		B359B4E320E78C5C002B0F65 /* window-shopper */ = {
			isa = PBXGroup;
			children = (
				B3C07FC120F0CC3200787730 /* Model */,
				B359B4F720E7D1AF002B0F65 /* Views */,
				B359B4F620E78DAF002B0F65 /* Controller */,
				B359B4E420E78C5C002B0F65 /* AppDelegate.swift */,
				B359B4E820E78C5C002B0F65 /* Main.storyboard */,
				B359B4EB20E78C5C002B0F65 /* Assets.xcassets */,
				B359B4ED20E78C5C002B0F65 /* LaunchScreen.storyboard */,
				B359B4F020E78C5C002B0F65 /* Info.plist */,
			);
			path = "window-shopper";
			sourceTree = "<group>";
		};
		B359B4F620E78DAF002B0F65 /* Controller */ = {
			isa = PBXGroup;
			children = (
				B359B4E620E78C5C002B0F65 /* MainVC.swift */,
			);
			path = Controller;
			sourceTree = "<group>";
		};
		B359B4F720E7D1AF002B0F65 /* Views */ = {
			isa = PBXGroup;
			children = (
				B359B4F820E7D215002B0F65 /* CurrencyTxtField.swift */,
			);
			path = Views;
			sourceTree = "<group>";
		};
		B3C07FB820F0CC1600787730 /* window-shopperTests */ = {
			isa = PBXGroup;
			children = (
				B3C07FB920F0CC1600787730 /* window_shopperTests.swift */,
				B3C07FBB20F0CC1600787730 /* Info.plist */,
			);
			path = "window-shopperTests";
			sourceTree = "<group>";
		};
		B3C07FC120F0CC3200787730 /* Model */ = {
			isa = PBXGroup;
			children = (
				B3C07FC220F0CC3E00787730 /* Wage.swift */,
			);
			path = Model;
			sourceTree = "<group>";
		};
/* End PBXGroup section */

/* Begin PBXNativeTarget section */
		B359B4E020E78C5C002B0F65 /* window-shopper */ = {
			isa = PBXNativeTarget;
			buildConfigurationList = B359B4F320E78C5C002B0F65 /* Build configuration list for PBXNativeTarget "window-shopper" */;
			buildPhases = (
				B359B4DD20E78C5C002B0F65 /* Sources */,
				B359B4DE20E78C5C002B0F65 /* Frameworks */,
				B359B4DF20E78C5C002B0F65 /* Resources */,
			);
			buildRules = (
			);
			dependencies = (
			);
			name = "window-shopper";
			productName = "window-shopper";
			productReference = B359B4E120E78C5C002B0F65 /* window-shopper.app */;
			productType = "com.apple.product-type.application";
		};
		B3C07FB620F0CC1600787730 /* window-shopperTests */ = {
			isa = PBXNativeTarget;
			buildConfigurationList = B3C07FC020F0CC1600787730 /* Build configuration list for PBXNativeTarget "window-shopperTests" */;
			buildPhases = (
				B3C07FB320F0CC1600787730 /* Sources */,
				B3C07FB420F0CC1600787730 /* Frameworks */,
				B3C07FB520F0CC1600787730 /* Resources */,
			);
			buildRules = (
			);
			dependencies = (
				B3C07FBD20F0CC1600787730 /* PBXTargetDependency */,
			);
			name = "window-shopperTests";
			productName = "window-shopperTests";
			productReference = B3C07FB720F0CC1600787730 /* window-shopperTests.xctest */;
			productType = "com.apple.product-type.bundle.unit-test";
		};
/* End PBXNativeTarget section */

/* Begin PBXProject section */
		B359B4D920E78C5C002B0F65 /* Project object */ = {
			isa = PBXProject;
			attributes = {
				LastSwiftUpdateCheck = 0920;
				LastUpgradeCheck = 0920;
				ORGANIZATIONNAME = peiman;
				TargetAttributes = {
					B359B4E020E78C5C002B0F65 = {
						CreatedOnToolsVersion = 9.2;
						ProvisioningStyle = Automatic;
					};
					B3C07FB620F0CC1600787730 = {
						CreatedOnToolsVersion = 9.2;
						ProvisioningStyle = Automatic;
						TestTargetID = B359B4E020E78C5C002B0F65;
					};
				};
			};
			buildConfigurationList = B359B4DC20E78C5C002B0F65 /* Build configuration list for PBXProject "window-shopper" */;
			compatibilityVersion = "Xcode 8.0";
			developmentRegion = en;
			hasScannedForEncodings = 0;
			knownRegions = (
				en,
				Base,
			);
			mainGroup = B359B4D820E78C5C002B0F65;
			productRefGroup = B359B4E220E78C5C002B0F65 /* Products */;
			projectDirPath = "";
			projectRoot = "";
			targets = (
				B359B4E020E78C5C002B0F65 /* window-shopper */,
				B3C07FB620F0CC1600787730 /* window-shopperTests */,
			);
		};
/* End PBXProject section */

/* Begin PBXResourcesBuildPhase section */
		B359B4DF20E78C5C002B0F65 /* Resources */ = {
			isa = PBXResourcesBuildPhase;
			buildActionMask = 2147483647;
			files = (
				B359B4EF20E78C5C002B0F65 /* LaunchScreen.storyboard in Resources */,
				B359B4EC20E78C5C002B0F65 /* Assets.xcassets in Resources */,
				B359B4EA20E78C5C002B0F65 /* Main.storyboard in Resources */,
			);
			runOnlyForDeploymentPostprocessing = 0;
		};
		B3C07FB520F0CC1600787730 /* Resources */ = {
			isa = PBXResourcesBuildPhase;
			buildActionMask = 2147483647;
			files = (
			);
			runOnlyForDeploymentPostprocessing = 0;
		};
/* End PBXResourcesBuildPhase section */

/* Begin PBXSourcesBuildPhase section */
		B359B4DD20E78C5C002B0F65 /* Sources */ = {
			isa = PBXSourcesBuildPhase;
			buildActionMask = 2147483647;
			files = (
				B359B4F920E7D215002B0F65 /* CurrencyTxtField.swift in Sources */,
				B3C07FC320F0CC3E00787730 /* Wage.swift in Sources */,
				B359B4E720E78C5C002B0F65 /* MainVC.swift in Sources */,
				B359B4E520E78C5C002B0F65 /* AppDelegate.swift in Sources */,
			);
			runOnlyForDeploymentPostprocessing = 0;
		};
		B3C07FB320F0CC1600787730 /* Sources */ = {
			isa = PBXSourcesBuildPhase;
			buildActionMask = 2147483647;
			files = (
				B3C07FBA20F0CC1600787730 /* window_shopperTests.swift in Sources */,
				B38F117820F65BFF00E8539E /* Wage.swift in Sources */,
			);
			runOnlyForDeploymentPostprocessing = 0;
		};
/* End PBXSourcesBuildPhase section */

/* Begin PBXTargetDependency section */
		B3C07FBD20F0CC1600787730 /* PBXTargetDependency */ = {
			isa = PBXTargetDependency;
			target = B359B4E020E78C5C002B0F65 /* window-shopper */;
			targetProxy = B3C07FBC20F0CC1600787730 /* PBXContainerItemProxy */;
		};
/* End PBXTargetDependency section */

/* Begin PBXVariantGroup section */
		B359B4E820E78C5C002B0F65 /* Main.storyboard */ = {
			isa = PBXVariantGroup;
			children = (
				B359B4E920E78C5C002B0F65 /* Base */,
			);
			name = Main.storyboard;
			sourceTree = "<group>";
		};
		B359B4ED20E78C5C002B0F65 /* LaunchScreen.storyboard */ = {
			isa = PBXVariantGroup;
			children = (
				B359B4EE20E78C5C002B0F65 /* Base */,
			);
			name = LaunchScreen.storyboard;
			sourceTree = "<group>";
		};
/* End PBXVariantGroup section */

/* Begin XCBuildConfiguration section */
		B359B4F120E78C5C002B0F65 /* Debug */ = {
			isa = XCBuildConfiguration;
			buildSettings = {
				ALWAYS_SEARCH_USER_PATHS = NO;
				CLANG_ANALYZER_NONNULL = YES;
				CLANG_ANALYZER_NUMBER_OBJECT_CONVERSION = YES_AGGRESSIVE;
				CLANG_CXX_LANGUAGE_STANDARD = "gnu++14";
				CLANG_CXX_LIBRARY = "libc++";
				CLANG_ENABLE_MODULES = YES;
				CLANG_ENABLE_OBJC_ARC = YES;
				CLANG_WARN_BLOCK_CAPTURE_AUTORELEASING = YES;
				CLANG_WARN_BOOL_CONVERSION = YES;
				CLANG_WARN_COMMA = YES;
				CLANG_WARN_CONSTANT_CONVERSION = YES;
				CLANG_WARN_DIRECT_OBJC_ISA_USAGE = YES_ERROR;
				CLANG_WARN_DOCUMENTATION_COMMENTS = YES;
				CLANG_WARN_EMPTY_BODY = YES;
				CLANG_WARN_ENUM_CONVERSION = YES;
				CLANG_WARN_INFINITE_RECURSION = YES;
				CLANG_WARN_INT_CONVERSION = YES;
				CLANG_WARN_NON_LITERAL_NULL_CONVERSION = YES;
				CLANG_WARN_OBJC_LITERAL_CONVERSION = YES;
				CLANG_WARN_OBJC_ROOT_CLASS = YES_ERROR;
				CLANG_WARN_RANGE_LOOP_ANALYSIS = YES;
				CLANG_WARN_STRICT_PROTOTYPES = YES;
				CLANG_WARN_SUSPICIOUS_MOVE = YES;
				CLANG_WARN_UNGUARDED_AVAILABILITY = YES_AGGRESSIVE;
				CLANG_WARN_UNREACHABLE_CODE = YES;
				CLANG_WARN__DUPLICATE_METHOD_MATCH = YES;
				CODE_SIGN_IDENTITY = "iPhone Developer";
				COPY_PHASE_STRIP = NO;
				DEBUG_INFORMATION_FORMAT = dwarf;
				ENABLE_STRICT_OBJC_MSGSEND = YES;
				ENABLE_TESTABILITY = YES;
				GCC_C_LANGUAGE_STANDARD = gnu11;
				GCC_DYNAMIC_NO_PIC = NO;
				GCC_NO_COMMON_BLOCKS = YES;
				GCC_OPTIMIZATION_LEVEL = 0;
				GCC_PREPROCESSOR_DEFINITIONS = (
					"DEBUG=1",
					"$(inherited)",
				);
				GCC_WARN_64_TO_32_BIT_CONVERSION = YES;
				GCC_WARN_ABOUT_RETURN_TYPE = YES_ERROR;
				GCC_WARN_UNDECLARED_SELECTOR = YES;
				GCC_WARN_UNINITIALIZED_AUTOS = YES_AGGRESSIVE;
				GCC_WARN_UNUSED_FUNCTION = YES;
				GCC_WARN_UNUSED_VARIABLE = YES;
				IPHONEOS_DEPLOYMENT_TARGET = 11.2;
				MTL_ENABLE_DEBUG_INFO = YES;
				ONLY_ACTIVE_ARCH = YES;
				SDKROOT = iphoneos;
				SWIFT_ACTIVE_COMPILATION_CONDITIONS = DEBUG;
				SWIFT_OPTIMIZATION_LEVEL = "-Onone";
			};
			name = Debug;
		};
		B359B4F220E78C5C002B0F65 /* Release */ = {
			isa = XCBuildConfiguration;
			buildSettings = {
				ALWAYS_SEARCH_USER_PATHS = NO;
				CLANG_ANALYZER_NONNULL = YES;
				CLANG_ANALYZER_NUMBER_OBJECT_CONVERSION = YES_AGGRESSIVE;
				CLANG_CXX_LANGUAGE_STANDARD = "gnu++14";
				CLANG_CXX_LIBRARY = "libc++";
				CLANG_ENABLE_MODULES = YES;
				CLANG_ENABLE_OBJC_ARC = YES;
				CLANG_WARN_BLOCK_CAPTURE_AUTORELEASING = YES;
				CLANG_WARN_BOOL_CONVERSION = YES;
				CLANG_WARN_COMMA = YES;
				CLANG_WARN_CONSTANT_CONVERSION = YES;
				CLANG_WARN_DIRECT_OBJC_ISA_USAGE = YES_ERROR;
				CLANG_WARN_DOCUMENTATION_COMMENTS = YES;
				CLANG_WARN_EMPTY_BODY = YES;
				CLANG_WARN_ENUM_CONVERSION = YES;
				CLANG_WARN_INFINITE_RECURSION = YES;
				CLANG_WARN_INT_CONVERSION = YES;
				CLANG_WARN_NON_LITERAL_NULL_CONVERSION = YES;
				CLANG_WARN_OBJC_LITERAL_CONVERSION = YES;
				CLANG_WARN_OBJC_ROOT_CLASS = YES_ERROR;
				CLANG_WARN_RANGE_LOOP_ANALYSIS = YES;
				CLANG_WARN_STRICT_PROTOTYPES = YES;
				CLANG_WARN_SUSPICIOUS_MOVE = YES;
				CLANG_WARN_UNGUARDED_AVAILABILITY = YES_AGGRESSIVE;
				CLANG_WARN_UNREACHABLE_CODE = YES;
				CLANG_WARN__DUPLICATE_METHOD_MATCH = YES;
				CODE_SIGN_IDENTITY = "iPhone Developer";
				COPY_PHASE_STRIP = NO;
				DEBUG_INFORMATION_FORMAT = "dwarf-with-dsym";
				ENABLE_NS_ASSERTIONS = NO;
				ENABLE_STRICT_OBJC_MSGSEND = YES;
				GCC_C_LANGUAGE_STANDARD = gnu11;
				GCC_NO_COMMON_BLOCKS = YES;
				GCC_WARN_64_TO_32_BIT_CONVERSION = YES;
				GCC_WARN_ABOUT_RETURN_TYPE = YES_ERROR;
				GCC_WARN_UNDECLARED_SELECTOR = YES;
				GCC_WARN_UNINITIALIZED_AUTOS = YES_AGGRESSIVE;
				GCC_WARN_UNUSED_FUNCTION = YES;
				GCC_WARN_UNUSED_VARIABLE = YES;
				IPHONEOS_DEPLOYMENT_TARGET = 11.2;
				MTL_ENABLE_DEBUG_INFO = NO;
				SDKROOT = iphoneos;
				SWIFT_OPTIMIZATION_LEVEL = "-Owholemodule";
				VALIDATE_PRODUCT = YES;
			};
			name = Release;
		};
		B359B4F420E78C5C002B0F65 /* Debug */ = {
			isa = XCBuildConfiguration;
			buildSettings = {
				ASSETCATALOG_COMPILER_APPICON_NAME = AppIcon;
				CODE_SIGN_STYLE = Automatic;
				DEVELOPMENT_TEAM = CS599629DQ;
				INFOPLIST_FILE = "window-shopper/Info.plist";
				LD_RUNPATH_SEARCH_PATHS = "$(inherited) @executable_path/Frameworks";
				PRODUCT_BUNDLE_IDENTIFIER = "com.peiman.window-shopper";
				PRODUCT_NAME = "$(TARGET_NAME)";
				SWIFT_VERSION = 4.0;
				TARGETED_DEVICE_FAMILY = "1,2";
			};
			name = Debug;
		};
		B359B4F520E78C5C002B0F65 /* Release */ = {
			isa = XCBuildConfiguration;
			buildSettings = {
				ASSETCATALOG_COMPILER_APPICON_NAME = AppIcon;
				CODE_SIGN_STYLE = Automatic;
				DEVELOPMENT_TEAM = CS599629DQ;
				INFOPLIST_FILE = "window-shopper/Info.plist";
				LD_RUNPATH_SEARCH_PATHS = "$(inherited) @executable_path/Frameworks";
				PRODUCT_BUNDLE_IDENTIFIER = "com.peiman.window-shopper";
				PRODUCT_NAME = "$(TARGET_NAME)";
				SWIFT_VERSION = 4.0;
				TARGETED_DEVICE_FAMILY = "1,2";
			};
			name = Release;
		};
		B3C07FBE20F0CC1600787730 /* Debug */ = {
			isa = XCBuildConfiguration;
			buildSettings = {
				BUNDLE_LOADER = "$(TEST_HOST)";
				CODE_SIGN_STYLE = Automatic;
				DEVELOPMENT_TEAM = CS599629DQ;
				INFOPLIST_FILE = "window-shopperTests/Info.plist";
				LD_RUNPATH_SEARCH_PATHS = "$(inherited) @executable_path/Frameworks @loader_path/Frameworks";
				PRODUCT_BUNDLE_IDENTIFIER = "com.peiman.window-shopperTests";
				PRODUCT_NAME = "$(TARGET_NAME)";
				SWIFT_VERSION = 4.0;
				TARGETED_DEVICE_FAMILY = "1,2";
				TEST_HOST = "$(BUILT_PRODUCTS_DIR)/window-shopper.app/window-shopper";
			};
			name = Debug;
		};
		B3C07FBF20F0CC1600787730 /* Release */ = {
			isa = XCBuildConfiguration;
			buildSettings = {
				BUNDLE_LOADER = "$(TEST_HOST)";
				CODE_SIGN_STYLE = Automatic;
				DEVELOPMENT_TEAM = CS599629DQ;
				INFOPLIST_FILE = "window-shopperTests/Info.plist";
				LD_RUNPATH_SEARCH_PATHS = "$(inherited) @executable_path/Frameworks @loader_path/Frameworks";
				PRODUCT_BUNDLE_IDENTIFIER = "com.peiman.window-shopperTests";
				PRODUCT_NAME = "$(TARGET_NAME)";
				SWIFT_VERSION = 4.0;
				TARGETED_DEVICE_FAMILY = "1,2";
				TEST_HOST = "$(BUILT_PRODUCTS_DIR)/window-shopper.app/window-shopper";
			};
			name = Release;
		};
/* End XCBuildConfiguration section */

/* Begin XCConfigurationList section */
		B359B4DC20E78C5C002B0F65 /* Build configuration list for PBXProject "window-shopper" */ = {
			isa = XCConfigurationList;
			buildConfigurations = (
				B359B4F120E78C5C002B0F65 /* Debug */,
				B359B4F220E78C5C002B0F65 /* Release */,
			);
			defaultConfigurationIsVisible = 0;
			defaultConfigurationName = Release;
		};
		B359B4F320E78C5C002B0F65 /* Build configuration list for PBXNativeTarget "window-shopper" */ = {
			isa = XCConfigurationList;
			buildConfigurations = (
				B359B4F420E78C5C002B0F65 /* Debug */,
				B359B4F520E78C5C002B0F65 /* Release */,
			);
			defaultConfigurationIsVisible = 0;
			defaultConfigurationName = Release;
		};
		B3C07FC020F0CC1600787730 /* Build configuration list for PBXNativeTarget "window-shopperTests" */ = {
			isa = XCConfigurationList;
			buildConfigurations = (
				B3C07FBE20F0CC1600787730 /* Debug */,
				B3C07FBF20F0CC1600787730 /* Release */,
			);
			defaultConfigurationIsVisible = 0;
			defaultConfigurationName = Release;
		};
/* End XCConfigurationList section */
	};
	rootObject = B359B4D920E78C5C002B0F65 /* Project object */;
}
